
Microsoft Visual Studio Solution File, Format Version 12.00
# Visual Studio 14
VisualStudioVersion = 14.0.25420.1
MinimumVisualStudioVersion = 10.0.40219.1
Project("{FAE04EC0-301F-11D3-BF4B-00C04F79EFBC}") = "CarsSystem.Data", "Data\CarsSystem.Data\CarsSystem.Data.csproj", "{A13A0D1F-BB4C-4D2B-844D-361BDC8F981B}"
EndProject
Project("{FAE04EC0-301F-11D3-BF4B-00C04F79EFBC}") = "CarsSystem.Data.Models", "Data\CarsSystem.Data.Models\CarsSystem.Data.Models.csproj", "{169F5636-2CE7-47E4-88DE-9DEB109E1CAC}"
EndProject
Project("{2150E333-8FDC-42A3-9474-1A3956D46DE8}") = "Data", "Data", "{BD705E22-A23D-46A3-9A46-C5FBEACD2C4F}"
EndProject
Project("{FAE04EC0-301F-11D3-BF4B-00C04F79EFBC}") = "Common", "Common\Common.csproj", "{F4747700-A6CA-44A7-8876-E47941D6D34F}"
EndProject
Project("{2150E333-8FDC-42A3-9474-1A3956D46DE8}") = "Common", "Common", "{5C62DCC4-9F9A-4CE1-A3BF-3C5DD4A4BA76}"
EndProject
Project("{FAE04EC0-301F-11D3-BF4B-00C04F79EFBC}") = "CarsSystem.Services.Data", "Services\CarsSystem.Services.Data\CarsSystem.Services.Data.csproj", "{193C089C-A633-432D-B8D8-BE71BA3C73B6}"
EndProject
Project("{2150E333-8FDC-42A3-9474-1A3956D46DE8}") = "Services", "Services", "{6F88736B-4C7A-4B17-9BE6-668AE7DB3021}"
EndProject
Project("{2150E333-8FDC-42A3-9474-1A3956D46DE8}") = "Clients", "Clients", "{E89D617D-1413-471C-ABC5-A527EC8AD62B}"
EndProject
Project("{FAE04EC0-301F-11D3-BF4B-00C04F79EFBC}") = "CarsSystem.WebForms.Client", "CarsSystem.WebForms.Client\CarsSystem.WebForms.Client.csproj", "{4C1C1ADA-0138-4C07-9504-92109EF32A04}"
EndProject
Project("{FAE04EC0-301F-11D3-BF4B-00C04F79EFBC}") = "CarsSystem.Tests", "CarsSystem.Tests\CarsSystem.Tests.csproj", "{A82C85D8-F36D-41BF-9C9D-4482CC6E336E}"
EndProject
Project("{FAE04EC0-301F-11D3-BF4B-00C04F79EFBC}") = "CarsSystem.MVP", "CarsSystem.MVP\CarsSystem.MVP.csproj", "{4B43E680-E9F6-4A74-B6AE-939C07A0E624}"
EndProject
Global
	GlobalSection(SolutionConfigurationPlatforms) = preSolution
		Debug|Any CPU = Debug|Any CPU
		Release|Any CPU = Release|Any CPU
	EndGlobalSection
	GlobalSection(ProjectConfigurationPlatforms) = postSolution
		{A13A0D1F-BB4C-4D2B-844D-361BDC8F981B}.Debug|Any CPU.ActiveCfg = Debug|Any CPU
		{A13A0D1F-BB4C-4D2B-844D-361BDC8F981B}.Debug|Any CPU.Build.0 = Debug|Any CPU
		{A13A0D1F-BB4C-4D2B-844D-361BDC8F981B}.Release|Any CPU.ActiveCfg = Release|Any CPU
		{A13A0D1F-BB4C-4D2B-844D-361BDC8F981B}.Release|Any CPU.Build.0 = Release|Any CPU
		{169F5636-2CE7-47E4-88DE-9DEB109E1CAC}.Debug|Any CPU.ActiveCfg = Debug|Any CPU
		{169F5636-2CE7-47E4-88DE-9DEB109E1CAC}.Debug|Any CPU.Build.0 = Debug|Any CPU
		{169F5636-2CE7-47E4-88DE-9DEB109E1CAC}.Release|Any CPU.ActiveCfg = Release|Any CPU
		{169F5636-2CE7-47E4-88DE-9DEB109E1CAC}.Release|Any CPU.Build.0 = Release|Any CPU
		{F4747700-A6CA-44A7-8876-E47941D6D34F}.Debug|Any CPU.ActiveCfg = Debug|Any CPU
		{F4747700-A6CA-44A7-8876-E47941D6D34F}.Debug|Any CPU.Build.0 = Debug|Any CPU
		{F4747700-A6CA-44A7-8876-E47941D6D34F}.Release|Any CPU.ActiveCfg = Release|Any CPU
		{F4747700-A6CA-44A7-8876-E47941D6D34F}.Release|Any CPU.Build.0 = Release|Any CPU
		{193C089C-A633-432D-B8D8-BE71BA3C73B6}.Debug|Any CPU.ActiveCfg = Debug|Any CPU
		{193C089C-A633-432D-B8D8-BE71BA3C73B6}.Debug|Any CPU.Build.0 = Debug|Any CPU
		{193C089C-A633-432D-B8D8-BE71BA3C73B6}.Release|Any CPU.ActiveCfg = Release|Any CPU
		{193C089C-A633-432D-B8D8-BE71BA3C73B6}.Release|Any CPU.Build.0 = Release|Any CPU
		{4C1C1ADA-0138-4C07-9504-92109EF32A04}.Debug|Any CPU.ActiveCfg = Debug|Any CPU
		{4C1C1ADA-0138-4C07-9504-92109EF32A04}.Debug|Any CPU.Build.0 = Debug|Any CPU
		{4C1C1ADA-0138-4C07-9504-92109EF32A04}.Release|Any CPU.ActiveCfg = Release|Any CPU
		{4C1C1ADA-0138-4C07-9504-92109EF32A04}.Release|Any CPU.Build.0 = Release|Any CPU
		{A82C85D8-F36D-41BF-9C9D-4482CC6E336E}.Debug|Any CPU.ActiveCfg = Debug|Any CPU
		{A82C85D8-F36D-41BF-9C9D-4482CC6E336E}.Debug|Any CPU.Build.0 = Debug|Any CPU
		{A82C85D8-F36D-41BF-9C9D-4482CC6E336E}.Release|Any CPU.ActiveCfg = Release|Any CPU
		{A82C85D8-F36D-41BF-9C9D-4482CC6E336E}.Release|Any CPU.Build.0 = Release|Any CPU
		{4B43E680-E9F6-4A74-B6AE-939C07A0E624}.Debug|Any CPU.ActiveCfg = Debug|Any CPU
		{4B43E680-E9F6-4A74-B6AE-939C07A0E624}.Debug|Any CPU.Build.0 = Debug|Any CPU
		{4B43E680-E9F6-4A74-B6AE-939C07A0E624}.Release|Any CPU.ActiveCfg = Release|Any CPU
		{4B43E680-E9F6-4A74-B6AE-939C07A0E624}.Release|Any CPU.Build.0 = Release|Any CPU
	EndGlobalSection
	GlobalSection(SolutionProperties) = preSolution
		HideSolutionNode = FALSE
	EndGlobalSection
	GlobalSection(NestedProjects) = preSolution
		{A13A0D1F-BB4C-4D2B-844D-361BDC8F981B} = {BD705E22-A23D-46A3-9A46-C5FBEACD2C4F}
		{169F5636-2CE7-47E4-88DE-9DEB109E1CAC} = {BD705E22-A23D-46A3-9A46-C5FBEACD2C4F}
		{F4747700-A6CA-44A7-8876-E47941D6D34F} = {5C62DCC4-9F9A-4CE1-A3BF-3C5DD4A4BA76}
		{193C089C-A633-432D-B8D8-BE71BA3C73B6} = {6F88736B-4C7A-4B17-9BE6-668AE7DB3021}
		{4C1C1ADA-0138-4C07-9504-92109EF32A04} = {E89D617D-1413-471C-ABC5-A527EC8AD62B}
	EndGlobalSection
EndGlobal
